<?xml version="1.0" encoding="utf-8"?>
<Project ToolsVersion="4.0" xmlns="http://schemas.microsoft.com/developer/msbuild/2003">
  <ItemGroup>
    <Filter Include="src">
      <UniqueIdentifier>{6707f663-8f4b-4d6f-b4b5-0b0140f1bcb4}</UniqueIdentifier>
    </Filter>
  </ItemGroup>
  <ItemGroup>
    <ClCompile Include="..\..\eesu.cpp">
      <Filter>src</Filter>
    </ClCompile>
    <ClCompile Include="..\..\graph.cpp">
      <Filter>src</Filter>
    </ClCompile>
    <ClCompile Include="..\..\main.cpp">
      <Filter>src</Filter>
    </ClCompile>
  </ItemGroup>
  <ItemGroup>
    <ClInclude Include="..\..\eesu.h">
      <Filter>src</Filter>
    </ClInclude>
    <ClInclude Include="..\..\graph.h">
      <Filter>src</Filter>
    </ClInclude>
  </ItemGroup>
</Project>